
Microsoft Visual Studio Solution File, Format Version 12.00
# Visual Studio Version 16
VisualStudioVersion = 16.0.30320.27
MinimumVisualStudioVersion = 10.0.40219.1
Project("{FAE04EC0-301F-11D3-BF4B-00C04F79EFBC}") = "MapDescriptorTest", "MapDescriptorTest\MapDescriptorTest.csproj", "{B6E0D93C-EEC2-4040-9FF9-38BA68412971}"
EndProject
Project("{FAE04EC0-301F-11D3-BF4B-00C04F79EFBC}") = "TexturePackTool", "TexturePackTool\TexturePackTool.csproj", "{5B86AE03-2A5E-46F6-849B-413866036D1E}"
EndProject
Global
	GlobalSection(SolutionConfigurationPlatforms) = preSolution
		Debug|Any CPU = Debug|Any CPU
		Debug|x86 = Debug|x86
		Release|Any CPU = Release|Any CPU
		Release|x86 = Release|x86
	EndGlobalSection
	GlobalSection(ProjectConfigurationPlatforms) = postSolution
		{B6E0D93C-EEC2-4040-9FF9-38BA68412971}.Debug|Any CPU.ActiveCfg = Debug|x86
		{B6E0D93C-EEC2-4040-9FF9-38BA68412971}.Debug|x86.ActiveCfg = Debug|x86
		{B6E0D93C-EEC2-4040-9FF9-38BA68412971}.Debug|x86.Build.0 = Debug|x86
		{B6E0D93C-EEC2-4040-9FF9-38BA68412971}.Release|Any CPU.ActiveCfg = Release|x86
		{B6E0D93C-EEC2-4040-9FF9-38BA68412971}.Release|x86.ActiveCfg = Release|x86
		{B6E0D93C-EEC2-4040-9FF9-38BA68412971}.Release|x86.Build.0 = Release|x86
		{5B86AE03-2A5E-46F6-849B-413866036D1E}.Debug|Any CPU.ActiveCfg = Debug|Any CPU
		{5B86AE03-2A5E-46F6-849B-413866036D1E}.Debug|Any CPU.Build.0 = Debug|Any CPU
		{5B86AE03-2A5E-46F6-849B-413866036D1E}.Debug|x86.ActiveCfg = Debug|Any CPU
		{5B86AE03-2A5E-46F6-849B-413866036D1E}.Debug|x86.Build.0 = Debug|Any CPU
		{5B86AE03-2A5E-46F6-849B-413866036D1E}.Release|Any CPU.ActiveCfg = Release|Any CPU
		{5B86AE03-2A5E-46F6-849B-413866036D1E}.Release|Any CPU.Build.0 = Release|Any CPU
		{5B86AE03-2A5E-46F6-849B-413866036D1E}.Release|x86.ActiveCfg = Release|Any CPU
		{5B86AE03-2A5E-46F6-849B-413866036D1E}.Release|x86.Build.0 = Release|Any CPU
	EndGlobalSection
	GlobalSection(SolutionProperties) = preSolution
		HideSolutionNode = FALSE
	EndGlobalSection
	GlobalSection(ExtensibilityGlobals) = postSolution
		SolutionGuid = {E3B9763A-DB45-4E16-A980-5E0B9D493EEA}
	EndGlobalSection
EndGlobal
